
Microsoft Visual Studio Solution File, Format Version 12.00
# Visual Studio Version 17
VisualStudioVersion = 17.6.33829.357
MinimumVisualStudioVersion = 10.0.40219.1
Project("{FAE04EC0-301F-11D3-BF4B-00C04F79EFBC}") = "DotNetProject", "DotNetProject.csproj", "{3A7DF652-ABB2-408E-B3CC-CA333D05E5C0}"
EndProject
Global
	GlobalSection(SolutionConfigurationPlatforms) = preSolution
		Debug|Any CPU = Debug|Any CPU
		Release|Any CPU = Release|Any CPU
	EndGlobalSection
	GlobalSection(ProjectConfigurationPlatforms) = postSolution
		{3A7DF652-ABB2-408E-B3CC-CA333D05E5C0}.Debug|Any CPU.ActiveCfg = Debug|Any CPU
		{3A7DF652-ABB2-408E-B3CC-CA333D05E5C0}.Debug|Any CPU.Build.0 = Debug|Any CPU
		{3A7DF652-ABB2-408E-B3CC-CA333D05E5C0}.Release|Any CPU.ActiveCfg = Release|Any CPU
		{3A7DF652-ABB2-408E-B3CC-CA333D05E5C0}.Release|Any CPU.Build.0 = Release|Any CPU
	EndGlobalSection
	GlobalSection(SolutionProperties) = preSolution
		HideSolutionNode = FALSE
	EndGlobalSection
	GlobalSection(ExtensibilityGlobals) = postSolution
		SolutionGuid = {C870F502-3E1C-4FAC-B4E4-D21B9618A4D0}
	EndGlobalSection
EndGlobal
